
Microsoft Visual Studio Solution File, Format Version 12.00
# Visual Studio Version 16
VisualStudioVersion = 16.0.29709.97
MinimumVisualStudioVersion = 10.0.40219.1
Project("{9A19103F-16F7-4668-BE54-9A1E7A4F7556}") = "Webapi", "Webapi.csproj", "{797CA101-C26B-4560-969F-E801D531C65A}"
EndProject
Project("{2150E333-8FDC-42A3-9474-1A3956D46DE8}") = "Solution Items", "Solution Items", "{A5D9D686-0133-42D8-9642-B6E167B951FF}"
	ProjectSection(SolutionItems) = preProject
		.editorconfig = .editorconfig
	EndProjectSection
EndProject
Global
	GlobalSection(SolutionConfigurationPlatforms) = preSolution
		Debug|Any CPU = Debug|Any CPU
		Release|Any CPU = Release|Any CPU
	EndGlobalSection
	GlobalSection(ProjectConfigurationPlatforms) = postSolution
		{797CA101-C26B-4560-969F-E801D531C65A}.Debug|Any CPU.ActiveCfg = Debug|Any CPU
		{797CA101-C26B-4560-969F-E801D531C65A}.Debug|Any CPU.Build.0 = Debug|Any CPU
		{797CA101-C26B-4560-969F-E801D531C65A}.Release|Any CPU.ActiveCfg = Release|Any CPU
		{797CA101-C26B-4560-969F-E801D531C65A}.Release|Any CPU.Build.0 = Release|Any CPU
	EndGlobalSection
	GlobalSection(SolutionProperties) = preSolution
		HideSolutionNode = FALSE
	EndGlobalSection
	GlobalSection(ExtensibilityGlobals) = postSolution
		SolutionGuid = {1BC7D4B4-E22A-43D0-B721-692829107770}
	EndGlobalSection
EndGlobal
